// !$*UTF8*$!
{
	archiveVersion = 1;
	classes = {
	};
	objectVersion = 56;
	objects = {

/* Begin PBXBuildFile section */
		67D2979C2F5A296200E92911 /* OpenSans-Medium.ttf in Resources */ = {isa = PBXBuildFile; fileRef = 67D297992F5A296200E92911 /* OpenSans-Medium.ttf */; };
		67D2979D2F5A296200E92911 /* OpenSans-Regular.ttf in Resources */ = {isa = PBXBuildFile; fileRef = 67D2979A2F5A296200E92911 /* OpenSans-Regular.ttf */; };
		67D2979E2F5A296200E92911 /* OpenSans-Bold.ttf in Resources */ = {isa = PBXBuildFile; fileRef = 67D297952F5A296200E92911 /* OpenSans-Bold.ttf */; };
		67D2979F2F5A296200E92911 /* OpenSans-ExtraBold.ttf in Resources */ = {isa = PBXBuildFile; fileRef = 67D297962F5A296200E92911 /* OpenSans-ExtraBold.ttf */; };
		67D297A02F5A296200E92911 /* OpenSans-Light.ttf in Resources */ = {isa = PBXBuildFile; fileRef = 67D297982F5A296200E92911 /* OpenSans-Light.ttf */; };
		67D297A12F5A296200E92911 /* OpenSans-Italic.ttf in Resources */ = {isa = PBXBuildFile; fileRef = 67D297972F5A296200E92911 /* OpenSans-Italic.ttf */; };
		67D297A22F5A296200E92911 /* OpenSans-SemiBold.ttf in Resources */ = {isa = PBXBuildFile; fileRef = 67D2979B2F5A296200E92911 /* OpenSans-SemiBold.ttf */; };
		A001 /* HealthCompanionApp.swift in Sources */ = {isa = PBXBuildFile; fileRef = A101 /* HealthCompanionApp.swift */; };
		A002 /* RootView.swift in Sources */ = {isa = PBXBuildFile; fileRef = A102 /* RootView.swift */; };
		A003 /* FamilyMember.swift in Sources */ = {isa = PBXBuildFile; fileRef = A103 /* FamilyMember.swift */; };
		A004 /* VitalReading.swift in Sources */ = {isa = PBXBuildFile; fileRef = A104 /* VitalReading.swift */; };
		A005 /* LabResult.swift in Sources */ = {isa = PBXBuildFile; fileRef = A105 /* LabResult.swift */; };
		A006 /* Appointment.swift in Sources */ = {isa = PBXBuildFile; fileRef = A106 /* Appointment.swift */; };
		A007 /* Prescription.swift in Sources */ = {isa = PBXBuildFile; fileRef = A107 /* Prescription.swift */; };
		A008 /* MedicalHistory.swift in Sources */ = {isa = PBXBuildFile; fileRef = A108 /* MedicalHistory.swift */; };
		A009 /* VisionHearing.swift in Sources */ = {isa = PBXBuildFile; fileRef = A109 /* VisionHearing.swift */; };
		A010 /* AppTheme.swift in Sources */ = {isa = PBXBuildFile; fileRef = A110 /* AppTheme.swift */; };
		A011 /* VoiceInputManager.swift in Sources */ = {isa = PBXBuildFile; fileRef = A111 /* VoiceInputManager.swift */; };
		A012 /* CameraCapture.swift in Sources */ = {isa = PBXBuildFile; fileRef = A112 /* CameraCapture.swift */; };
		A013 /* DashboardView.swift in Sources */ = {isa = PBXBuildFile; fileRef = A113 /* DashboardView.swift */; };
		A014 /* WelcomeView.swift in Sources */ = {isa = PBXBuildFile; fileRef = A114 /* WelcomeView.swift */; };
		A015 /* VitalsListView.swift in Sources */ = {isa = PBXBuildFile; fileRef = A115 /* VitalsListView.swift */; };
		A016 /* AddVitalView.swift in Sources */ = {isa = PBXBuildFile; fileRef = A116 /* AddVitalView.swift */; };
		A017 /* LabResultsListView.swift in Sources */ = {isa = PBXBuildFile; fileRef = A117 /* LabResultsListView.swift */; };
		A018 /* AddLabResultView.swift in Sources */ = {isa = PBXBuildFile; fileRef = A118 /* AddLabResultView.swift */; };
		A019 /* AppointmentsListView.swift in Sources */ = {isa = PBXBuildFile; fileRef = A119 /* AppointmentsListView.swift */; };
		A020 /* AddAppointmentView.swift in Sources */ = {isa = PBXBuildFile; fileRef = A120 /* AddAppointmentView.swift */; };
		A021 /* PrescriptionsListView.swift in Sources */ = {isa = PBXBuildFile; fileRef = A121 /* PrescriptionsListView.swift */; };
		A022 /* AddPrescriptionView.swift in Sources */ = {isa = PBXBuildFile; fileRef = A122 /* AddPrescriptionView.swift */; };
		A023 /* MedicalHistoryView.swift in Sources */ = {isa = PBXBuildFile; fileRef = A123 /* MedicalHistoryView.swift */; };
		A024 /* AddHistoryViews.swift in Sources */ = {isa = PBXBuildFile; fileRef = A124 /* AddHistoryViews.swift */; };
		A025 /* VisionHearingListView.swift in Sources */ = {isa = PBXBuildFile; fileRef = A125 /* VisionHearingListView.swift */; };
		A026 /* AddVisionHearingViews.swift in Sources */ = {isa = PBXBuildFile; fileRef = A126 /* AddVisionHearingViews.swift */; };
		A027 /* ProfileView.swift in Sources */ = {isa = PBXBuildFile; fileRef = A127 /* ProfileView.swift */; };
		A028 /* AddFamilyMemberView.swift in Sources */ = {isa = PBXBuildFile; fileRef = A128 /* AddFamilyMemberView.swift */; };
		A035 /* Assets.xcassets in Resources */ = {isa = PBXBuildFile; fileRef = A207 /* Assets.xcassets */; };
/* End PBXBuildFile section */

/* Begin PBXFileReference section */
		67D297952F5A296200E92911 /* OpenSans-Bold.ttf */ = {isa = PBXFileReference; lastKnownFileType = file; path = "OpenSans-Bold.ttf"; sourceTree = "<group>"; };
		67D297962F5A296200E92911 /* OpenSans-ExtraBold.ttf */ = {isa = PBXFileReference; lastKnownFileType = file; path = "OpenSans-ExtraBold.ttf"; sourceTree = "<group>"; };
		67D297972F5A296200E92911 /* OpenSans-Italic.ttf */ = {isa = PBXFileReference; lastKnownFileType = file; path = "OpenSans-Italic.ttf"; sourceTree = "<group>"; };
		67D297982F5A296200E92911 /* OpenSans-Light.ttf */ = {isa = PBXFileReference; lastKnownFileType = file; path = "OpenSans-Light.ttf"; sourceTree = "<group>"; };
		67D297992F5A296200E92911 /* OpenSans-Medium.ttf */ = {isa = PBXFileReference; lastKnownFileType = file; path = "OpenSans-Medium.ttf"; sourceTree = "<group>"; };
		67D2979A2F5A296200E92911 /* OpenSans-Regular.ttf */ = {isa = PBXFileReference; lastKnownFileType = file; path = "OpenSans-Regular.ttf"; sourceTree = "<group>"; };
		67D2979B2F5A296200E92911 /* OpenSans-SemiBold.ttf */ = {isa = PBXFileReference; lastKnownFileType = file; path = "OpenSans-SemiBold.ttf"; sourceTree = "<group>"; };
		A101 /* HealthCompanionApp.swift */ = {isa = PBXFileReference; lastKnownFileType = sourcecode.swift; path = HealthCompanionApp.swift; sourceTree = "<group>"; };
		A102 /* RootView.swift */ = {isa = PBXFileReference; lastKnownFileType = sourcecode.swift; path = RootView.swift; sourceTree = "<group>"; };
		A103 /* FamilyMember.swift */ = {isa = PBXFileReference; lastKnownFileType = sourcecode.swift; path = FamilyMember.swift; sourceTree = "<group>"; };
		A104 /* VitalReading.swift */ = {isa = PBXFileReference; lastKnownFileType = sourcecode.swift; path = VitalReading.swift; sourceTree = "<group>"; };
		A105 /* LabResult.swift */ = {isa = PBXFileReference; lastKnownFileType = sourcecode.swift; path = LabResult.swift; sourceTree = "<group>"; };
		A106 /* Appointment.swift */ = {isa = PBXFileReference; lastKnownFileType = sourcecode.swift; path = Appointment.swift; sourceTree = "<group>"; };
		A107 /* Prescription.swift */ = {isa = PBXFileReference; lastKnownFileType = sourcecode.swift; path = Prescription.swift; sourceTree = "<group>"; };
		A108 /* MedicalHistory.swift */ = {isa = PBXFileReference; lastKnownFileType = sourcecode.swift; path = MedicalHistory.swift; sourceTree = "<group>"; };
		A109 /* VisionHearing.swift */ = {isa = PBXFileReference; lastKnownFileType = sourcecode.swift; path = VisionHearing.swift; sourceTree = "<group>"; };
		A110 /* AppTheme.swift */ = {isa = PBXFileReference; lastKnownFileType = sourcecode.swift; path = AppTheme.swift; sourceTree = "<group>"; };
		A111 /* VoiceInputManager.swift */ = {isa = PBXFileReference; lastKnownFileType = sourcecode.swift; path = VoiceInputManager.swift; sourceTree = "<group>"; };
		A112 /* CameraCapture.swift */ = {isa = PBXFileReference; lastKnownFileType = sourcecode.swift; path = CameraCapture.swift; sourceTree = "<group>"; };
		A113 /* DashboardView.swift */ = {isa = PBXFileReference; lastKnownFileType = sourcecode.swift; path = DashboardView.swift; sourceTree = "<group>"; };
		A114 /* WelcomeView.swift */ = {isa = PBXFileReference; lastKnownFileType = sourcecode.swift; path = WelcomeView.swift; sourceTree = "<group>"; };
		A115 /* VitalsListView.swift */ = {isa = PBXFileReference; lastKnownFileType = sourcecode.swift; path = VitalsListView.swift; sourceTree = "<group>"; };
		A116 /* AddVitalView.swift */ = {isa = PBXFileReference; lastKnownFileType = sourcecode.swift; path = AddVitalView.swift; sourceTree = "<group>"; };
		A117 /* LabResultsListView.swift */ = {isa = PBXFileReference; lastKnownFileType = sourcecode.swift; path = LabResultsListView.swift; sourceTree = "<group>"; };
		A118 /* AddLabResultView.swift */ = {isa = PBXFileReference; lastKnownFileType = sourcecode.swift; path = AddLabResultView.swift; sourceTree = "<group>"; };
		A119 /* AppointmentsListView.swift */ = {isa = PBXFileReference; lastKnownFileType = sourcecode.swift; path = AppointmentsListView.swift; sourceTree = "<group>"; };
		A120 /* AddAppointmentView.swift */ = {isa = PBXFileReference; lastKnownFileType = sourcecode.swift; path = AddAppointmentView.swift; sourceTree = "<group>"; };
		A121 /* PrescriptionsListView.swift */ = {isa = PBXFileReference; lastKnownFileType = sourcecode.swift; path = PrescriptionsListView.swift; sourceTree = "<group>"; };
		A122 /* AddPrescriptionView.swift */ = {isa = PBXFileReference; lastKnownFileType = sourcecode.swift; path = AddPrescriptionView.swift; sourceTree = "<group>"; };
		A123 /* MedicalHistoryView.swift */ = {isa = PBXFileReference; lastKnownFileType = sourcecode.swift; path = MedicalHistoryView.swift; sourceTree = "<group>"; };
		A124 /* AddHistoryViews.swift */ = {isa = PBXFileReference; lastKnownFileType = sourcecode.swift; path = AddHistoryViews.swift; sourceTree = "<group>"; };
		A125 /* VisionHearingListView.swift */ = {isa = PBXFileReference; lastKnownFileType = sourcecode.swift; path = VisionHearingListView.swift; sourceTree = "<group>"; };
		A126 /* AddVisionHearingViews.swift */ = {isa = PBXFileReference; lastKnownFileType = sourcecode.swift; path = AddVisionHearingViews.swift; sourceTree = "<group>"; };
		A127 /* ProfileView.swift */ = {isa = PBXFileReference; lastKnownFileType = sourcecode.swift; path = ProfileView.swift; sourceTree = "<group>"; };
		A128 /* AddFamilyMemberView.swift */ = {isa = PBXFileReference; lastKnownFileType = sourcecode.swift; path = AddFamilyMemberView.swift; sourceTree = "<group>"; };
		A200 /* Info.plist */ = {isa = PBXFileReference; lastKnownFileType = text.plist.xml; path = Info.plist; sourceTree = "<group>"; };
		A207 /* Assets.xcassets */ = {isa = PBXFileReference; lastKnownFileType = folder.assetcatalog; path = Assets.xcassets; sourceTree = "<group>"; };
		A300 /* Slainte.app */ = {isa = PBXFileReference; explicitFileType = wrapper.application; includeInIndex = 0; path = Slainte.app; sourceTree = BUILT_PRODUCTS_DIR; };
/* End PBXFileReference section */

/* Begin PBXGroup section */
		A400 = {
			isa = PBXGroup;
			children = (
				A401 /* HealthCompanion */,
				A500 /* Products */,
			);
			sourceTree = "<group>";
		};
		A401 /* HealthCompanion */ = {
			isa = PBXGroup;
			children = (
				A101 /* HealthCompanionApp.swift */,
				A410 /* Models */,
				A420 /* Helpers */,
				A430 /* Views */,
				A450 /* Resources */,
			);
			path = HealthCompanion;
			sourceTree = "<group>";
		};
		A410 /* Models */ = {
			isa = PBXGroup;
			children = (
				A103 /* FamilyMember.swift */,
				A104 /* VitalReading.swift */,
				A105 /* LabResult.swift */,
				A106 /* Appointment.swift */,
				A107 /* Prescription.swift */,
				A108 /* MedicalHistory.swift */,
				A109 /* VisionHearing.swift */,
			);
			path = Models;
			sourceTree = "<group>";
		};
		A420 /* Helpers */ = {
			isa = PBXGroup;
			children = (
				A110 /* AppTheme.swift */,
				A111 /* VoiceInputManager.swift */,
				A112 /* CameraCapture.swift */,
			);
			path = Helpers;
			sourceTree = "<group>";
		};
		A430 /* Views */ = {
			isa = PBXGroup;
			children = (
				A102 /* RootView.swift */,
				A431 /* Dashboard */,
				A432 /* Vitals */,
				A433 /* LabResults */,
				A434 /* Appointments */,
				A435 /* Prescriptions */,
				A436 /* MedicalHistory */,
				A437 /* VisionHearing */,
				A438 /* Profile */,
			);
			path = Views;
			sourceTree = "<group>";
		};
		A431 /* Dashboard */ = {
			isa = PBXGroup;
			children = (
				A113 /* DashboardView.swift */,
				A114 /* WelcomeView.swift */,
			);
			path = Dashboard;
			sourceTree = "<group>";
		};
		A432 /* Vitals */ = {
			isa = PBXGroup;
			children = (
				A115 /* VitalsListView.swift */,
				A116 /* AddVitalView.swift */,
			);
			path = Vitals;
			sourceTree = "<group>";
		};
		A433 /* LabResults */ = {
			isa = PBXGroup;
			children = (
				A117 /* LabResultsListView.swift */,
				A118 /* AddLabResultView.swift */,
			);
			path = LabResults;
			sourceTree = "<group>";
		};
		A434 /* Appointments */ = {
			isa = PBXGroup;
			children = (
				A119 /* AppointmentsListView.swift */,
				A120 /* AddAppointmentView.swift */,
			);
			path = Appointments;
			sourceTree = "<group>";
		};
		A435 /* Prescriptions */ = {
			isa = PBXGroup;
			children = (
				A121 /* PrescriptionsListView.swift */,
				A122 /* AddPrescriptionView.swift */,
			);
			path = Prescriptions;
			sourceTree = "<group>";
		};
		A436 /* MedicalHistory */ = {
			isa = PBXGroup;
			children = (
				A123 /* MedicalHistoryView.swift */,
				A124 /* AddHistoryViews.swift */,
			);
			path = MedicalHistory;
			sourceTree = "<group>";
		};
		A437 /* VisionHearing */ = {
			isa = PBXGroup;
			children = (
				A125 /* VisionHearingListView.swift */,
				A126 /* AddVisionHearingViews.swift */,
			);
			path = VisionHearing;
			sourceTree = "<group>";
		};
		A438 /* Profile */ = {
			isa = PBXGroup;
			children = (
				A127 /* ProfileView.swift */,
				A128 /* AddFamilyMemberView.swift */,
			);
			path = Profile;
			sourceTree = "<group>";
		};
		A450 /* Resources */ = {
			isa = PBXGroup;
			children = (
				A207 /* Assets.xcassets */,
				A200 /* Info.plist */,
				A451 /* Fonts */,
			);
			path = Resources;
			sourceTree = "<group>";
		};
		A451 /* Fonts */ = {
			isa = PBXGroup;
			children = (
				67D297952F5A296200E92911 /* OpenSans-Bold.ttf */,
				67D297962F5A296200E92911 /* OpenSans-ExtraBold.ttf */,
				67D297972F5A296200E92911 /* OpenSans-Italic.ttf */,
				67D297982F5A296200E92911 /* OpenSans-Light.ttf */,
				67D297992F5A296200E92911 /* OpenSans-Medium.ttf */,
				67D2979A2F5A296200E92911 /* OpenSans-Regular.ttf */,
				67D2979B2F5A296200E92911 /* OpenSans-SemiBold.ttf */,
			);
			path = Fonts;
			sourceTree = "<group>";
		};
		A500 /* Products */ = {
			isa = PBXGroup;
			children = (
				A300 /* Slainte.app */,
			);
			name = Products;
			sourceTree = "<group>";
		};
/* End PBXGroup section */

/* Begin PBXNativeTarget section */
		A600 /* HealthCompanion */ = {
			isa = PBXNativeTarget;
			buildConfigurationList = A700 /* Build configuration list for PBXNativeTarget "HealthCompanion" */;
			buildPhases = (
				A610 /* Sources */,
				A620 /* Resources */,
			);
			buildRules = (
			);
			dependencies = (
			);
			name = HealthCompanion;
			productName = HealthCompanion;
			productReference = A300 /* Slainte.app */;
			productType = "com.apple.product-type.application";
		};
/* End PBXNativeTarget section */

/* Begin PBXProject section */
		A800 /* Project object */ = {
			isa = PBXProject;
			attributes = {
				BuildIndependentTargetsInParallel = 1;
				LastSwiftUpdateCheck = 1500;
				LastUpgradeCheck = 1500;
				TargetAttributes = {
					A600 = {
						CreatedOnToolsVersion = 15.0;
					};
				};
			};
			buildConfigurationList = A810 /* Build configuration list for PBXProject "HealthCompanion" */;
			compatibilityVersion = "Xcode 14.0";
			developmentRegion = en;
			hasScannedForEncodings = 0;
			knownRegions = (
				en,
				Base,
			);
			mainGroup = A400;
			productRefGroup = A500 /* Products */;
			projectDirPath = "";
			projectRoot = "";
			targets = (
				A600 /* HealthCompanion */,
			);
		};
/* End PBXProject section */

/* Begin PBXResourcesBuildPhase section */
		A620 /* Resources */ = {
			isa = PBXResourcesBuildPhase;
			buildActionMask = 2147483647;
			files = (
				67D2979C2F5A296200E92911 /* OpenSans-Medium.ttf in Resources */,
				67D2979D2F5A296200E92911 /* OpenSans-Regular.ttf in Resources */,
				67D2979E2F5A296200E92911 /* OpenSans-Bold.ttf in Resources */,
				67D2979F2F5A296200E92911 /* OpenSans-ExtraBold.ttf in Resources */,
				67D297A02F5A296200E92911 /* OpenSans-Light.ttf in Resources */,
				67D297A12F5A296200E92911 /* OpenSans-Italic.ttf in Resources */,
				67D297A22F5A296200E92911 /* OpenSans-SemiBold.ttf in Resources */,
				A035 /* Assets.xcassets in Resources */,
			);
			runOnlyForDeploymentPostprocessing = 0;
		};
/* End PBXResourcesBuildPhase section */

/* Begin PBXSourcesBuildPhase section */
		A610 /* Sources */ = {
			isa = PBXSourcesBuildPhase;
			buildActionMask = 2147483647;
			files = (
				A001 /* HealthCompanionApp.swift in Sources */,
				A002 /* RootView.swift in Sources */,
				A003 /* FamilyMember.swift in Sources */,
				A004 /* VitalReading.swift in Sources */,
				A005 /* LabResult.swift in Sources */,
				A006 /* Appointment.swift in Sources */,
				A007 /* Prescription.swift in Sources */,
				A008 /* MedicalHistory.swift in Sources */,
				A009 /* VisionHearing.swift in Sources */,
				A010 /* AppTheme.swift in Sources */,
				A011 /* VoiceInputManager.swift in Sources */,
				A012 /* CameraCapture.swift in Sources */,
				A013 /* DashboardView.swift in Sources */,
				A014 /* WelcomeView.swift in Sources */,
				A015 /* VitalsListView.swift in Sources */,
				A016 /* AddVitalView.swift in Sources */,
				A017 /* LabResultsListView.swift in Sources */,
				A018 /* AddLabResultView.swift in Sources */,
				A019 /* AppointmentsListView.swift in Sources */,
				A020 /* AddAppointmentView.swift in Sources */,
				A021 /* PrescriptionsListView.swift in Sources */,
				A022 /* AddPrescriptionView.swift in Sources */,
				A023 /* MedicalHistoryView.swift in Sources */,
				A024 /* AddHistoryViews.swift in Sources */,
				A025 /* VisionHearingListView.swift in Sources */,
				A026 /* AddVisionHearingViews.swift in Sources */,
				A027 /* ProfileView.swift in Sources */,
				A028 /* AddFamilyMemberView.swift in Sources */,
			);
			runOnlyForDeploymentPostprocessing = 0;
		};
/* End PBXSourcesBuildPhase section */

/* Begin XCBuildConfiguration section */
		A701 /* Debug */ = {
			isa = XCBuildConfiguration;
			buildSettings = {
				ASSETCATALOG_COMPILER_APPICON_NAME = AppIcon;
				CODE_SIGN_STYLE = Automatic;
				CURRENT_PROJECT_VERSION = 1;
				DEVELOPMENT_TEAM = 6G3U72P627;
				GENERATE_INFOPLIST_FILE = NO;
				INFOPLIST_FILE = HealthCompanion/Resources/Info.plist;
				IPHONEOS_DEPLOYMENT_TARGET = 17.0;
				MARKETING_VERSION = 1.0;
				PRODUCT_BUNDLE_IDENTIFIER = com.slainte.app;
				PRODUCT_NAME = Slainte;
				SWIFT_EMIT_LOC_STRINGS = YES;
				SWIFT_VERSION = 5.9;
				TARGETED_DEVICE_FAMILY = 1;
			};
			name = Debug;
		};
		A702 /* Release */ = {
			isa = XCBuildConfiguration;
			buildSettings = {
				ASSETCATALOG_COMPILER_APPICON_NAME = AppIcon;
				CODE_SIGN_STYLE = Automatic;
				CURRENT_PROJECT_VERSION = 1;
				DEVELOPMENT_TEAM = 6G3U72P627;
				GENERATE_INFOPLIST_FILE = NO;
				INFOPLIST_FILE = HealthCompanion/Resources/Info.plist;
				IPHONEOS_DEPLOYMENT_TARGET = 17.0;
				MARKETING_VERSION = 1.0;
				PRODUCT_BUNDLE_IDENTIFIER = com.slainte.app;
				PRODUCT_NAME = Slainte;
				SWIFT_EMIT_LOC_STRINGS = YES;
				SWIFT_VERSION = 5.9;
				TARGETED_DEVICE_FAMILY = 1;
			};
			name = Release;
		};
		A811 /* Debug */ = {
			isa = XCBuildConfiguration;
			buildSettings = {
				ALWAYS_SEARCH_USER_PATHS = NO;
				CLANG_ANALYZER_NONNULL = YES;
				CLANG_ANALYZER_NUMBER_OBJECT_CONVERSION = YES_AGGRESSIVE;
				CLANG_CXX_LANGUAGE_STANDARD = "gnu++20";
				CLANG_ENABLE_MODULES = YES;
				CLANG_ENABLE_OBJC_ARC = YES;
				CLANG_ENABLE_OBJC_WEAK = YES;
				CLANG_WARN_BLOCK_CAPTURE_AUTORELEASING = YES;
				CLANG_WARN_BOOL_CONVERSION = YES;
				CLANG_WARN_COMMA = YES;
				CLANG_WARN_CONSTANT_CONVERSION = YES;
				CLANG_WARN_DEPRECATED_OBJC_IMPLEMENTATIONS = YES;
				CLANG_WARN_DIRECT_OBJC_ISA_USAGE = YES_ERROR;
				CLANG_WARN_DOCUMENTATION_COMMENTS = YES;
				CLANG_WARN_EMPTY_BODY = YES;
				CLANG_WARN_ENUM_CONVERSION = YES;
				CLANG_WARN_INFINITE_RECURSION = YES;
				CLANG_WARN_INT_CONVERSION = YES;
				CLANG_WARN_NON_LITERAL_NULL_CONVERSION = YES;
				CLANG_WARN_OBJC_IMPLICIT_RETAIN_SELF = YES;
				CLANG_WARN_OBJC_LITERAL_CONVERSION = YES;
				CLANG_WARN_OBJC_ROOT_CLASS = YES_ERROR;
				CLANG_WARN_QUOTED_INCLUDE_IN_FRAMEWORK_HEADER = YES;
				CLANG_WARN_RANGE_LOOP_ANALYSIS = YES;
				CLANG_WARN_STRICT_PROTOTYPES = YES;
				CLANG_WARN_SUSPICIOUS_MOVE = YES;
				CLANG_WARN_UNGUARDED_AVAILABILITY = YES_AGGRESSIVE;
				CLANG_WARN_UNREACHABLE_CODE = YES;
				CLANG_WARN__DUPLICATE_METHOD_MATCH = YES;
				COPY_PHASE_STRIP = NO;
				DEBUG_INFORMATION_FORMAT = dwarf;
				ENABLE_STRICT_OBJC_MSGSEND = YES;
				ENABLE_TESTABILITY = YES;
				GCC_C_LANGUAGE_STANDARD = gnu17;
				GCC_DYNAMIC_NO_PIC = NO;
				GCC_NO_COMMON_BLOCKS = YES;
				GCC_OPTIMIZATION_LEVEL = 0;
				GCC_PREPROCESSOR_DEFINITIONS = (
					"DEBUG=1",
					"$(inherited)",
				);
				GCC_WARN_64_TO_32_BIT_CONVERSION = YES;
				GCC_WARN_ABOUT_RETURN_TYPE = YES_ERROR;
				GCC_WARN_UNDECLARED_SELECTOR = YES;
				GCC_WARN_UNINITIALIZED_AUTOS = YES_AGGRESSIVE;
				GCC_WARN_UNUSED_FUNCTION = YES;
				GCC_WARN_UNUSED_VARIABLE = YES;
				IPHONEOS_DEPLOYMENT_TARGET = 17.0;
				MTL_ENABLE_DEBUG_INFO = INCLUDE_SOURCE;
				MTL_FAST_MATH = YES;
				ONLY_ACTIVE_ARCH = YES;
				SDKROOT = iphoneos;
				SWIFT_ACTIVE_COMPILATION_CONDITIONS = DEBUG;
				SWIFT_OPTIMIZATION_LEVEL = "-Onone";
			};
			name = Debug;
		};
		A812 /* Release */ = {
			isa = XCBuildConfiguration;
			buildSettings = {
				ALWAYS_SEARCH_USER_PATHS = NO;
				COPY_PHASE_STRIP = NO;
				DEBUG_INFORMATION_FORMAT = "dwarf-with-dsym";
				ENABLE_NS_ASSERTIONS = NO;
				ENABLE_STRICT_OBJC_MSGSEND = YES;
				GCC_C_LANGUAGE_STANDARD = gnu17;
				GCC_NO_COMMON_BLOCKS = YES;
				GCC_WARN_64_TO_32_BIT_CONVERSION = YES;
				GCC_WARN_ABOUT_RETURN_TYPE = YES_ERROR;
				GCC_WARN_UNDECLARED_SELECTOR = YES;
				GCC_WARN_UNINITIALIZED_AUTOS = YES_AGGRESSIVE;
				GCC_WARN_UNUSED_FUNCTION = YES;
				GCC_WARN_UNUSED_VARIABLE = YES;
				IPHONEOS_DEPLOYMENT_TARGET = 17.0;
				MTL_FAST_MATH = YES;
				SDKROOT = iphoneos;
				SWIFT_COMPILATION_MODE = wholemodule;
				SWIFT_OPTIMIZATION_LEVEL = "-O";
				VALIDATE_PRODUCT = YES;
			};
			name = Release;
		};
/* End XCBuildConfiguration section */

/* Begin XCConfigurationList section */
		A700 /* Build configuration list for PBXNativeTarget "HealthCompanion" */ = {
			isa = XCConfigurationList;
			buildConfigurations = (
				A701 /* Debug */,
				A702 /* Release */,
			);
			defaultConfigurationIsVisible = 0;
			defaultConfigurationName = Release;
		};
		A810 /* Build configuration list for PBXProject "HealthCompanion" */ = {
			isa = XCConfigurationList;
			buildConfigurations = (
				A811 /* Debug */,
				A812 /* Release */,
			);
			defaultConfigurationIsVisible = 0;
			defaultConfigurationName = Release;
		};
/* End XCConfigurationList section */
	};
	rootObject = A800 /* Project object */;
}
